
Microsoft Visual Studio Solution File, Format Version 12.00
# Visual Studio Version 16
VisualStudioVersion = 16.0.32002.261
MinimumVisualStudioVersion = 10.0.40219.1
Project("{FAE04EC0-301F-11D3-BF4B-00C04F79EFBC}") = "CA2Service", "CA2Service\CA2Service.csproj", "{887C064A-2543-4CD4-A644-7416344BCBAB}"
EndProject
Global
	GlobalSection(SolutionConfigurationPlatforms) = preSolution
		Debug|Any CPU = Debug|Any CPU
		Release|Any CPU = Release|Any CPU
	EndGlobalSection
	GlobalSection(ProjectConfigurationPlatforms) = postSolution
		{887C064A-2543-4CD4-A644-7416344BCBAB}.Debug|Any CPU.ActiveCfg = Debug|Any CPU
		{887C064A-2543-4CD4-A644-7416344BCBAB}.Debug|Any CPU.Build.0 = Debug|Any CPU
		{887C064A-2543-4CD4-A644-7416344BCBAB}.Release|Any CPU.ActiveCfg = Release|Any CPU
		{887C064A-2543-4CD4-A644-7416344BCBAB}.Release|Any CPU.Build.0 = Release|Any CPU
	EndGlobalSection
	GlobalSection(SolutionProperties) = preSolution
		HideSolutionNode = FALSE
	EndGlobalSection
	GlobalSection(ExtensibilityGlobals) = postSolution
		SolutionGuid = {60E0F167-2958-4026-A514-07A252FE1B9C}
	EndGlobalSection
EndGlobal
